
Microsoft Visual Studio Solution File, Format Version 12.00
# Visual Studio 15
VisualStudioVersion = 15.0.26228.9
MinimumVisualStudioVersion = 10.0.40219.1
Project("{FAE04EC0-301F-11D3-BF4B-00C04F79EFBC}") = "Shared_Network_Tools", "Shared_Network_Tools\Shared_Network_Tools.csproj", "{6ABFCB58-DC70-49F7-B628-66B44CE73BEA}"
EndProject
Global
	GlobalSection(SolutionConfigurationPlatforms) = preSolution
		Debug|Any CPU = Debug|Any CPU
		Release|Any CPU = Release|Any CPU
	EndGlobalSection
	GlobalSection(ProjectConfigurationPlatforms) = postSolution
		{6ABFCB58-DC70-49F7-B628-66B44CE73BEA}.Debug|Any CPU.ActiveCfg = Debug|Any CPU
		{6ABFCB58-DC70-49F7-B628-66B44CE73BEA}.Debug|Any CPU.Build.0 = Debug|Any CPU
		{6ABFCB58-DC70-49F7-B628-66B44CE73BEA}.Release|Any CPU.ActiveCfg = Release|Any CPU
		{6ABFCB58-DC70-49F7-B628-66B44CE73BEA}.Release|Any CPU.Build.0 = Release|Any CPU
	EndGlobalSection
	GlobalSection(SolutionProperties) = preSolution
		HideSolutionNode = FALSE
	EndGlobalSection
EndGlobal
